
Microsoft Visual Studio Solution File, Format Version 12.00
# Visual Studio 15
VisualStudioVersion = 15.0.27130.2010
MinimumVisualStudioVersion = 10.0.40219.1
Project("{FAE04EC0-301F-11D3-BF4B-00C04F79EFBC}") = "Northwind2", "Northwind2\Northwind2.csproj", "{19FC338A-8B67-4740-8F8F-1DAE364F601D}"
EndProject
Project("{FAE04EC0-301F-11D3-BF4B-00C04F79EFBC}") = "TConsole", "D:\Cours cyril\ADO.net\Outils\Outils\Console\TConsole.csproj", "{222ADAFA-6E7D-404C-A04D-DB30BDF702A9}"
EndProject
Project("{FAE04EC0-301F-11D3-BF4B-00C04F79EFBC}") = "TData", "D:\Cours cyril\ADO.net\Outils\Outils\Data\TData.csproj", "{38C84F6E-814C-48CD-A358-29AAC7DCB791}"
EndProject
Global
	GlobalSection(SolutionConfigurationPlatforms) = preSolution
		Debug|Any CPU = Debug|Any CPU
		Release|Any CPU = Release|Any CPU
	EndGlobalSection
	GlobalSection(ProjectConfigurationPlatforms) = postSolution
		{19FC338A-8B67-4740-8F8F-1DAE364F601D}.Debug|Any CPU.ActiveCfg = Debug|Any CPU
		{19FC338A-8B67-4740-8F8F-1DAE364F601D}.Debug|Any CPU.Build.0 = Debug|Any CPU
		{19FC338A-8B67-4740-8F8F-1DAE364F601D}.Release|Any CPU.ActiveCfg = Release|Any CPU
		{19FC338A-8B67-4740-8F8F-1DAE364F601D}.Release|Any CPU.Build.0 = Release|Any CPU
		{222ADAFA-6E7D-404C-A04D-DB30BDF702A9}.Debug|Any CPU.ActiveCfg = Debug|Any CPU
		{222ADAFA-6E7D-404C-A04D-DB30BDF702A9}.Debug|Any CPU.Build.0 = Debug|Any CPU
		{222ADAFA-6E7D-404C-A04D-DB30BDF702A9}.Release|Any CPU.ActiveCfg = Release|Any CPU
		{222ADAFA-6E7D-404C-A04D-DB30BDF702A9}.Release|Any CPU.Build.0 = Release|Any CPU
		{38C84F6E-814C-48CD-A358-29AAC7DCB791}.Debug|Any CPU.ActiveCfg = Debug|Any CPU
		{38C84F6E-814C-48CD-A358-29AAC7DCB791}.Debug|Any CPU.Build.0 = Debug|Any CPU
		{38C84F6E-814C-48CD-A358-29AAC7DCB791}.Release|Any CPU.ActiveCfg = Release|Any CPU
		{38C84F6E-814C-48CD-A358-29AAC7DCB791}.Release|Any CPU.Build.0 = Release|Any CPU
	EndGlobalSection
	GlobalSection(SolutionProperties) = preSolution
		HideSolutionNode = FALSE
	EndGlobalSection
	GlobalSection(ExtensibilityGlobals) = postSolution
		SolutionGuid = {7EBB04BE-92E4-4FA4-BE76-393AA31E6164}
	EndGlobalSection
EndGlobal
